// !$*UTF8*$!
{
	archiveVersion = 1;
	classes = {
	};
	objectVersion = 46;
	objects = {

/* Begin PBXBuildFile section */
		04BC5F8E4B3D488A9B892F8B /* AppDelegate.h in Headers */ = {isa = PBXBuildFile; fileRef = 9450D9BE10A049368E9C1E0F /* AppDelegate.h */; };
		05E2BE1F3EBA4CA1AD364756 /* InfoPlist.strings in Sources */ = {isa = PBXBuildFile; fileRef = D41C671AA82D4090AC0EAACD /* InfoPlist.strings */; };
		0F739F024A6B4FB0B56E5DFE /* ConversionFormViewController.h in Headers */ = {isa = PBXBuildFile; fileRef = 5DAE53DBAFDB4EC5A2F67F60 /* ConversionFormViewController.h */; };
		10E1034EC6304502A5B5002F /* AppDelegate.m in Sources */ = {isa = PBXBuildFile; fileRef = 470AC65C3BD544E09DA1C4B9 /* AppDelegate.m */; };
		2FE6D66F91AB45F88D617D93 /* UIKit.framework in Frameworks */ = {isa = PBXBuildFile; fileRef = 5B22D7A1613848A4B11372A2 /* UIKit.framework */; };
		4DCDB64C7D3D41B1A8AFA7F3 /* main.m in Sources */ = {isa = PBXBuildFile; fileRef = 44426410468C4ACBB8830DF3 /* main.m */; };
		583AD58EC0CC45E7A9C3D518 /* Foundation.framework in Frameworks */ = {isa = PBXBuildFile; fileRef = E6E74BC912BB4EA38ABCB9E0 /* Foundation.framework */; };
		72348949A8D74722A3852062 /* todo_mobile-Prefix.pch in Sources */ = {isa = PBXBuildFile; fileRef = D2FF4DA2DC714FC08ED36AC1 /* todo_mobile-Prefix.pch */; };
		A685DF813C06478E8E7917CD /* ConversionFormViewController.xib in Sources */ = {isa = PBXBuildFile; fileRef = 8CBEC6BBFAB646CEB5456D60 /* ConversionFormViewController.xib */; };
		BC4FF0139D5840B8A2045E83 /* public in Resources */ = {isa = PBXBuildFile; fileRef = CEE2732F877743458AB1D8E3 /* public */; };
		C9613D5369D7464980C37DAE /* ConversionFormViewController.m in Sources */ = {isa = PBXBuildFile; fileRef = F9C5B4096137483FBC998AD4 /* ConversionFormViewController.m */; };
		CE37349B16E3C27E00C5D1FC /* TodoFormViewController.h in Headers */ = {isa = PBXBuildFile; fileRef = CE37349816E3C27E00C5D1FC /* TodoFormViewController.h */; };
		CE37349C16E3C27E00C5D1FC /* TodoFormViewController.m in Sources */ = {isa = PBXBuildFile; fileRef = CE37349916E3C27E00C5D1FC /* TodoFormViewController.m */; };
		CE37349D16E3C27E00C5D1FC /* TodoFormViewController.xib in Resources */ = {isa = PBXBuildFile; fileRef = CE37349A16E3C27E00C5D1FC /* TodoFormViewController.xib */; };
		CE37349F16E42FFE00C5D1FC /* Default-568h@2x.png in Resources */ = {isa = PBXBuildFile; fileRef = CE37349E16E42FFE00C5D1FC /* Default-568h@2x.png */; };
		CE7B7789B3574CDC8280339F /* todo_mobile-Info.plist in Sources */ = {isa = PBXBuildFile; fileRef = 1EAA47F93DF949709D88E200 /* todo_mobile-Info.plist */; };
		D5D26CBF3D2A40FE9D0E62BC /* libPods.a in Frameworks */ = {isa = PBXBuildFile; fileRef = 9C248E3FBECA4F93959491BC /* libPods.a */; };
		DDA7849832294D1A87B83D65 /* CoreGraphics.framework in Frameworks */ = {isa = PBXBuildFile; fileRef = E028E400F0814BFCBA6DBD92 /* CoreGraphics.framework */; };
/* End PBXBuildFile section */

/* Begin PBXFileReference section */
		1EAA47F93DF949709D88E200 /* todo_mobile-Info.plist */ = {isa = PBXFileReference; includeInIndex = 1; lastKnownFileType = text.plist.xml; name = "todo_mobile-Info.plist"; path = "src/todo_mobile-Info.plist"; sourceTree = SOURCE_ROOT; };
		44426410468C4ACBB8830DF3 /* main.m */ = {isa = PBXFileReference; includeInIndex = 1; lastKnownFileType = sourcecode.c.objc; name = main.m; path = src/main.m; sourceTree = SOURCE_ROOT; };
		470AC65C3BD544E09DA1C4B9 /* AppDelegate.m */ = {isa = PBXFileReference; includeInIndex = 1; lastKnownFileType = sourcecode.c.objc; name = AppDelegate.m; path = src/AppDelegate.m; sourceTree = SOURCE_ROOT; };
		5B22D7A1613848A4B11372A2 /* UIKit.framework */ = {isa = PBXFileReference; includeInIndex = 1; lastKnownFileType = wrapper.framework; name = UIKit.framework; path = System/Library/Frameworks/UIKit.framework; sourceTree = SDKROOT; };
		5DAE53DBAFDB4EC5A2F67F60 /* ConversionFormViewController.h */ = {isa = PBXFileReference; includeInIndex = 1; lastKnownFileType = sourcecode.c.h; name = ConversionFormViewController.h; path = src/ConversionFormViewController.h; sourceTree = SOURCE_ROOT; };
		745B1D8F540245C0B340ED41 /* Pods.xcconfig */ = {isa = PBXFileReference; includeInIndex = 1; lastKnownFileType = text.xcconfig; name = Pods.xcconfig; path = Pods/Pods.xcconfig; sourceTree = SOURCE_ROOT; };
		8CBEC6BBFAB646CEB5456D60 /* ConversionFormViewController.xib */ = {isa = PBXFileReference; includeInIndex = 1; lastKnownFileType = file.xib; name = ConversionFormViewController.xib; path = src/ConversionFormViewController.xib; sourceTree = SOURCE_ROOT; };
		9450D9BE10A049368E9C1E0F /* AppDelegate.h */ = {isa = PBXFileReference; includeInIndex = 1; lastKnownFileType = sourcecode.c.h; name = AppDelegate.h; path = src/AppDelegate.h; sourceTree = SOURCE_ROOT; };
		9C248E3FBECA4F93959491BC /* libPods.a */ = {isa = PBXFileReference; explicitFileType = archive.ar; includeInIndex = 0; path = libPods.a; sourceTree = BUILT_PRODUCTS_DIR; };
		A20A61E176B144E28870B568 /* libtodo_mobile.a */ = {isa = PBXFileReference; explicitFileType = archive.ar; includeInIndex = 0; name = libtodo_mobile.a; path = todo_mobile.app; sourceTree = BUILT_PRODUCTS_DIR; };
		CE37349816E3C27E00C5D1FC /* TodoFormViewController.h */ = {isa = PBXFileReference; fileEncoding = 4; lastKnownFileType = sourcecode.c.h; name = TodoFormViewController.h; path = src/TodoFormViewController.h; sourceTree = "<group>"; };
		CE37349916E3C27E00C5D1FC /* TodoFormViewController.m */ = {isa = PBXFileReference; fileEncoding = 4; lastKnownFileType = sourcecode.c.objc; name = TodoFormViewController.m; path = src/TodoFormViewController.m; sourceTree = "<group>"; };
		CE37349A16E3C27E00C5D1FC /* TodoFormViewController.xib */ = {isa = PBXFileReference; fileEncoding = 4; lastKnownFileType = file.xib; name = TodoFormViewController.xib; path = src/TodoFormViewController.xib; sourceTree = "<group>"; };
		CE37349E16E42FFE00C5D1FC /* Default-568h@2x.png */ = {isa = PBXFileReference; lastKnownFileType = image.png; path = "Default-568h@2x.png"; sourceTree = "<group>"; };
		CEE2732F877743458AB1D8E3 /* public */ = {isa = PBXFileReference; includeInIndex = 1; lastKnownFileType = folder; path = public; sourceTree = SOURCE_ROOT; };
		D2FF4DA2DC714FC08ED36AC1 /* todo_mobile-Prefix.pch */ = {isa = PBXFileReference; includeInIndex = 1; lastKnownFileType = sourcecode.c.h; name = "todo_mobile-Prefix.pch"; path = "src/todo_mobile-Prefix.pch"; sourceTree = SOURCE_ROOT; };
		D41C671AA82D4090AC0EAACD /* InfoPlist.strings */ = {isa = PBXFileReference; includeInIndex = 1; lastKnownFileType = text.plist.strings; name = InfoPlist.strings; path = src/en.lproj/InfoPlist.strings; sourceTree = SOURCE_ROOT; };
		E028E400F0814BFCBA6DBD92 /* CoreGraphics.framework */ = {isa = PBXFileReference; includeInIndex = 1; lastKnownFileType = wrapper.framework; name = CoreGraphics.framework; path = System/Library/Frameworks/CoreGraphics.framework; sourceTree = SDKROOT; };
		E6E74BC912BB4EA38ABCB9E0 /* Foundation.framework */ = {isa = PBXFileReference; includeInIndex = 1; lastKnownFileType = wrapper.framework; name = Foundation.framework; path = Platforms/iPhoneOS.platform/Developer/SDKs/iPhoneOS6.0.sdk/System/Library/Frameworks/Foundation.framework; sourceTree = DEVELOPER_DIR; };
		F9C5B4096137483FBC998AD4 /* ConversionFormViewController.m */ = {isa = PBXFileReference; includeInIndex = 1; lastKnownFileType = sourcecode.c.objc; name = ConversionFormViewController.m; path = src/ConversionFormViewController.m; sourceTree = SOURCE_ROOT; };
/* End PBXFileReference section */

/* Begin PBXFrameworksBuildPhase section */
		0C1CBDB4DEAA4730A43BD934 /* Frameworks */ = {
			isa = PBXFrameworksBuildPhase;
			buildActionMask = 2147483647;
			files = (
				583AD58EC0CC45E7A9C3D518 /* Foundation.framework in Frameworks */,
				2FE6D66F91AB45F88D617D93 /* UIKit.framework in Frameworks */,
				DDA7849832294D1A87B83D65 /* CoreGraphics.framework in Frameworks */,
				D5D26CBF3D2A40FE9D0E62BC /* libPods.a in Frameworks */,
			);
			runOnlyForDeploymentPostprocessing = 0;
		};
/* End PBXFrameworksBuildPhase section */

/* Begin PBXGroup section */
		0B058CEFBAD54F58A5A8BC9A /* en.lproj */ = {
			isa = PBXGroup;
			children = (
				D41C671AA82D4090AC0EAACD /* InfoPlist.strings */,
			);
			name = en.lproj;
			sourceTree = "<group>";
		};
		1976782338114619B2D28068 /* Frameworks */ = {
			isa = PBXGroup;
			children = (
				E6E74BC912BB4EA38ABCB9E0 /* Foundation.framework */,
				5B22D7A1613848A4B11372A2 /* UIKit.framework */,
				E028E400F0814BFCBA6DBD92 /* CoreGraphics.framework */,
				9C248E3FBECA4F93959491BC /* libPods.a */,
			);
			name = Frameworks;
			sourceTree = "<group>";
		};
		5735EC0286F24F6D8A830FF3 /* Products */ = {
			isa = PBXGroup;
			children = (
				A20A61E176B144E28870B568 /* libtodo_mobile.a */,
			);
			name = Products;
			sourceTree = "<group>";
		};
		F16B6D7F161343EDB4DE0149 = {
			isa = PBXGroup;
			children = (
				CE37349E16E42FFE00C5D1FC /* Default-568h@2x.png */,
				CE37349816E3C27E00C5D1FC /* TodoFormViewController.h */,
				CE37349916E3C27E00C5D1FC /* TodoFormViewController.m */,
				CE37349A16E3C27E00C5D1FC /* TodoFormViewController.xib */,
				5735EC0286F24F6D8A830FF3 /* Products */,
				1976782338114619B2D28068 /* Frameworks */,
				9450D9BE10A049368E9C1E0F /* AppDelegate.h */,
				470AC65C3BD544E09DA1C4B9 /* AppDelegate.m */,
				5DAE53DBAFDB4EC5A2F67F60 /* ConversionFormViewController.h */,
				F9C5B4096137483FBC998AD4 /* ConversionFormViewController.m */,
				8CBEC6BBFAB646CEB5456D60 /* ConversionFormViewController.xib */,
				0B058CEFBAD54F58A5A8BC9A /* en.lproj */,
				44426410468C4ACBB8830DF3 /* main.m */,
				1EAA47F93DF949709D88E200 /* todo_mobile-Info.plist */,
				D2FF4DA2DC714FC08ED36AC1 /* todo_mobile-Prefix.pch */,
				CEE2732F877743458AB1D8E3 /* public */,
				745B1D8F540245C0B340ED41 /* Pods.xcconfig */,
			);
			sourceTree = "<group>";
		};
/* End PBXGroup section */

/* Begin PBXHeadersBuildPhase section */
		E01ABCCBAA5140638687D86F /* Headers */ = {
			isa = PBXHeadersBuildPhase;
			buildActionMask = 2147483647;
			files = (
				04BC5F8E4B3D488A9B892F8B /* AppDelegate.h in Headers */,
				0F739F024A6B4FB0B56E5DFE /* ConversionFormViewController.h in Headers */,
				CE37349B16E3C27E00C5D1FC /* TodoFormViewController.h in Headers */,
			);
			runOnlyForDeploymentPostprocessing = 0;
		};
/* End PBXHeadersBuildPhase section */

/* Begin PBXNativeTarget section */
		6EEBDCEC15F64A5DA8EF2A05 /* todo_mobile */ = {
			isa = PBXNativeTarget;
			buildConfigurationList = 881DAAB1D6884D9D83849DAA /* Build configuration list for PBXNativeTarget "todo_mobile" */;
			buildPhases = (
				9C2EC77506DC4A21B796D8F2 /* Build Calatrava Kernel & Shell */,
				D261CD3E02A24DADA217243A /* Sources */,
				0C1CBDB4DEAA4730A43BD934 /* Frameworks */,
				E01ABCCBAA5140638687D86F /* Headers */,
				"" /* Resources */,
				BCF8AF5C66AE427288EFBBB4 /* Copy Pods Resources */,
			);
			buildRules = (
			);
			dependencies = (
			);
			name = todo_mobile;
			productName = todo_mobile;
			productReference = A20A61E176B144E28870B568 /* libtodo_mobile.a */;
			productType = "com.apple.product-type.application";
		};
/* End PBXNativeTarget section */

/* Begin PBXProject section */
		22416423E3D64A949D4F589D /* Project object */ = {
			isa = PBXProject;
			attributes = {
				LastUpgradeCheck = 0450;
			};
			buildConfigurationList = 0D8806F8F6B34D2A84A97554 /* Build configuration list for PBXProject "todo_mobile" */;
			compatibilityVersion = "Xcode 3.2";
			developmentRegion = English;
			hasScannedForEncodings = 0;
			knownRegions = (
				en,
			);
			mainGroup = F16B6D7F161343EDB4DE0149;
			productRefGroup = 5735EC0286F24F6D8A830FF3 /* Products */;
			projectDirPath = "";
			projectRoot = "";
			targets = (
				6EEBDCEC15F64A5DA8EF2A05 /* todo_mobile */,
			);
		};
/* End PBXProject section */

/* Begin PBXResourcesBuildPhase section */
		"" /* Resources */ = {
			isa = PBXResourcesBuildPhase;
			buildActionMask = 0;
			files = (
				BC4FF0139D5840B8A2045E83 /* public in Resources */,
				CE37349D16E3C27E00C5D1FC /* TodoFormViewController.xib in Resources */,
				CE37349F16E42FFE00C5D1FC /* Default-568h@2x.png in Resources */,
			);
			runOnlyForDeploymentPostprocessing = 0;
		};
/* End PBXResourcesBuildPhase section */

/* Begin PBXShellScriptBuildPhase section */
		9C2EC77506DC4A21B796D8F2 /* Build Calatrava Kernel & Shell */ = {
			isa = PBXShellScriptBuildPhase;
			buildActionMask = 2147483647;
			files = (
			);
			inputPaths = (
			);
			name = "Build Calatrava Kernel & Shell";
			outputPaths = (
			);
			runOnlyForDeploymentPostprocessing = 0;
			shellPath = /bin/bash;
			shellScript = "source ${SRCROOT}/../build_env.sh\nbundle exec rake ios:xcode:prebuild";
		};
		BCF8AF5C66AE427288EFBBB4 /* Copy Pods Resources */ = {
			isa = PBXShellScriptBuildPhase;
			buildActionMask = 2147483647;
			files = (
			);
			inputPaths = (
			);
			name = "Copy Pods Resources";
			outputPaths = (
			);
			runOnlyForDeploymentPostprocessing = 0;
			shellPath = /bin/sh;
			shellScript = "\"${SRCROOT}/Pods/Pods-resources.sh\"\n";
		};
/* End PBXShellScriptBuildPhase section */

/* Begin PBXSourcesBuildPhase section */
		D261CD3E02A24DADA217243A /* Sources */ = {
			isa = PBXSourcesBuildPhase;
			buildActionMask = 2147483647;
			files = (
				10E1034EC6304502A5B5002F /* AppDelegate.m in Sources */,
				C9613D5369D7464980C37DAE /* ConversionFormViewController.m in Sources */,
				A685DF813C06478E8E7917CD /* ConversionFormViewController.xib in Sources */,
				05E2BE1F3EBA4CA1AD364756 /* InfoPlist.strings in Sources */,
				4DCDB64C7D3D41B1A8AFA7F3 /* main.m in Sources */,
				CE7B7789B3574CDC8280339F /* todo_mobile-Info.plist in Sources */,
				72348949A8D74722A3852062 /* todo_mobile-Prefix.pch in Sources */,
				CE37349C16E3C27E00C5D1FC /* TodoFormViewController.m in Sources */,
			);
			runOnlyForDeploymentPostprocessing = 0;
		};
/* End PBXSourcesBuildPhase section */

/* Begin XCBuildConfiguration section */
		2D508CB83B60463F9931584E /* Debug */ = {
			isa = XCBuildConfiguration;
			baseConfigurationReference = 745B1D8F540245C0B340ED41 /* Pods.xcconfig */;
			buildSettings = {
				ALWAYS_SEARCH_USER_PATHS = NO;
				ARCHS = "$(ARCHS_STANDARD_32_BIT)";
				COPY_PHASE_STRIP = NO;
				GCC_C_LANGUAGE_STANDARD = gnu99;
				GCC_DYNAMIC_NO_PIC = NO;
				GCC_OPTIMIZATION_LEVEL = 0;
				GCC_PRECOMPILE_PREFIX_HEADER = YES;
				GCC_PREFIX_HEADER = "src/todo_mobile-Prefix.pch";
				GCC_PREPROCESSOR_DEFINITIONS = (
					"DEBUG=1",
					"$(inherited)",
				);
				GCC_SYMBOLS_PRIVATE_EXTERN = NO;
				GCC_VERSION = com.apple.compilers.llvm.clang.1_0;
				INFOPLIST_FILE = "src/todo_mobile-Info.plist";
				IPHONEOS_DEPLOYMENT_TARGET = 5.0;
				OTHER_LDFLAGS = (
					"-ObjC",
					"-all_load",
				);
				PRODUCT_NAME = "$(TARGET_NAME)";
				PUBLIC_HEADERS_FOLDER_PATH = "$(TARGET_NAME)";
				SDKROOT = iphoneos;
				SKIP_INSTALL = NO;
			};
			name = Debug;
		};
		5042719017AC4275AFB76E5C /* Release */ = {
			isa = XCBuildConfiguration;
			buildSettings = {
			};
			name = Release;
		};
		801E1FAB0D92439C9D590D0E /* Debug */ = {
			isa = XCBuildConfiguration;
			buildSettings = {
			};
			name = Debug;
		};
		A28D8B03013C4E39914A7817 /* Release */ = {
			isa = XCBuildConfiguration;
			baseConfigurationReference = 745B1D8F540245C0B340ED41 /* Pods.xcconfig */;
			buildSettings = {
				ALWAYS_SEARCH_USER_PATHS = NO;
				ARCHS = "$(ARCHS_STANDARD_32_BIT)";
				COPY_PHASE_STRIP = YES;
				GCC_C_LANGUAGE_STANDARD = gnu99;
				GCC_PRECOMPILE_PREFIX_HEADER = YES;
				GCC_PREFIX_HEADER = "src/todo_mobile-Prefix.pch";
				GCC_VERSION = com.apple.compilers.llvm.clang.1_0;
				INFOPLIST_FILE = "src/todo_mobile-Info.plist";
				IPHONEOS_DEPLOYMENT_TARGET = 5.0;
				OTHER_LDFLAGS = (
					"-ObjC",
					"-all_load",
				);
				PRODUCT_NAME = "$(TARGET_NAME)";
				PUBLIC_HEADERS_FOLDER_PATH = "$(TARGET_NAME)";
				SDKROOT = iphoneos;
				SKIP_INSTALL = NO;
				VALIDATE_PRODUCT = YES;
			};
			name = Release;
		};
/* End XCBuildConfiguration section */

/* Begin XCConfigurationList section */
		0D8806F8F6B34D2A84A97554 /* Build configuration list for PBXProject "todo_mobile" */ = {
			isa = XCConfigurationList;
			buildConfigurations = (
				5042719017AC4275AFB76E5C /* Release */,
				801E1FAB0D92439C9D590D0E /* Debug */,
			);
			defaultConfigurationIsVisible = 0;
			defaultConfigurationName = Release;
		};
		881DAAB1D6884D9D83849DAA /* Build configuration list for PBXNativeTarget "todo_mobile" */ = {
			isa = XCConfigurationList;
			buildConfigurations = (
				A28D8B03013C4E39914A7817 /* Release */,
				2D508CB83B60463F9931584E /* Debug */,
			);
			defaultConfigurationIsVisible = 0;
			defaultConfigurationName = Release;
		};
/* End XCConfigurationList section */
	};
	rootObject = 22416423E3D64A949D4F589D /* Project object */;
}
